<?xml version="1.0" encoding="utf-8"?>
<Project ToolsVersion="4.0" xmlns="http://schemas.microsoft.com/developer/msbuild/2003">
  <ItemGroup>
    <Filter Include="Resource Files">
      <UniqueIdentifier>{67DA6AB6-F800-4c08-8B7A-83BB121AAD01}</UniqueIdentifier>
      <Extensions>rc;ico;cur;bmp;dlg;rc2;rct;bin;rgs;gif;jpg;jpeg;jpe;resx;tiff;tif;png;wav;mfcribbon-ms</Extensions>
    </Filter>
    <Filter Include="Kernels">
      <UniqueIdentifier>{ad3d76ba-6f94-404f-bc5d-04c6fe891d8f}</UniqueIdentifier>
    </Filter>
    <Filter Include="Physics">
      <UniqueIdentifier>{d8b60eea-a10a-4d44-93e7-1c97ff73bee3}</UniqueIdentifier>
    </Filter>
    <Filter Include="Physics\Particle">
      <UniqueIdentifier>{95515f3a-561d-4459-b2c3-c2100ac20678}</UniqueIdentifier>
    </Filter>
    <Filter Include="Physics\Bubble">
      <UniqueIdentifier>{0a343cca-4fdc-401b-a415-4dcaa58ee610}</UniqueIdentifier>
    </Filter>
    <Filter Include="Physics\Dynamics">
      <UniqueIdentifier>{8d4d525e-9435-47ad-9eb5-1de1e4fb1975}</UniqueIdentifier>
    </Filter>
    <Filter Include="Stream">
      <UniqueIdentifier>{3c2ad733-df12-4a24-b5ff-a4632821a808}</UniqueIdentifier>
    </Filter>
    <Filter Include="OpenCL">
      <UniqueIdentifier>{01d28b61-e628-46b8-b3f5-1a908e45d035}</UniqueIdentifier>
    </Filter>
    <Filter Include="Config">
      <UniqueIdentifier>{737877a4-c2eb-4180-b746-d325876d14d1}</UniqueIdentifier>
    </Filter>
    <Filter Include="Code">
      <UniqueIdentifier>{f596f1c2-9307-4993-9c65-9f20f7cfe7bc}</UniqueIdentifier>
    </Filter>
  </ItemGroup>
  <ItemGroup>
    <ClInclude Include="particle.h">
      <Filter>Physics\Particle</Filter>
    </ClInclude>
    <ClInclude Include="bubble.h">
      <Filter>Physics\Bubble</Filter>
    </ClInclude>
    <ClInclude Include="objects.h">
      <Filter>Physics</Filter>
    </ClInclude>
    <ClInclude Include="collision.h">
      <Filter>Physics\Dynamics</Filter>
    </ClInclude>
    <ClInclude Include="datastreamer.h">
      <Filter>Stream</Filter>
    </ClInclude>
    <ClInclude Include="opencl_kernels.h">
      <Filter>OpenCL</Filter>
    </ClInclude>
    <ClInclude Include="config_reader.hpp">
      <Filter>Config</Filter>
    </ClInclude>
    <ClInclude Include="base.h">
      <Filter>Code</Filter>
    </ClInclude>
    <ClInclude Include="simulation.h">
      <Filter>Code</Filter>
    </ClInclude>
    <ClInclude Include="source.h">
      <Filter>Code</Filter>
    </ClInclude>
    <ClInclude Include="timestep.h">
      <Filter>Code</Filter>
    </ClInclude>
    <ClInclude Include="random_number.hpp">
      <Filter>Code</Filter>
    </ClInclude>
  </ItemGroup>
  <ItemGroup>
    <ClCompile Include="particle.cpp">
      <Filter>Physics\Particle</Filter>
    </ClCompile>
    <ClCompile Include="bubble.cpp">
      <Filter>Physics\Bubble</Filter>
    </ClCompile>
    <ClCompile Include="collision.cpp">
      <Filter>Physics\Dynamics</Filter>
    </ClCompile>
    <ClCompile Include="datastreamer.cpp">
      <Filter>Stream</Filter>
    </ClCompile>
    <ClCompile Include="opencl_kernels.cpp">
      <Filter>OpenCL</Filter>
    </ClCompile>
    <ClCompile Include="simulation.cpp">
      <Filter>Code</Filter>
    </ClCompile>
    <ClCompile Include="source.cpp">
      <Filter>Code</Filter>
    </ClCompile>
  </ItemGroup>
  <ItemGroup>
    <None Include="..\kernels\collision.cl">
      <Filter>Kernels</Filter>
    </None>
    <None Include="..\kernels\find_comf.cl">
      <Filter>Kernels</Filter>
    </None>
    <None Include="..\kernels\generate_rotation.cl">
      <Filter>Kernels</Filter>
    </None>
    <None Include="..\kernels\kernel.cl">
      <Filter>Kernels</Filter>
    </None>
    <None Include="..\kernels\label_collision.cl">
      <Filter>Kernels</Filter>
    </None>
    <None Include="..\kernels\label_position.cl">
      <Filter>Kernels</Filter>
    </None>
    <None Include="..\kernels\assign_cell.cl">
      <Filter>Kernels</Filter>
    </None>
    <None Include="..\kernels\boundary_bounce.cl">
      <Filter>Kernels</Filter>
    </None>
  </ItemGroup>
</Project>