<?xml version="1.0" encoding="utf-8"?>
<Project ToolsVersion="4.0" xmlns="http://schemas.microsoft.com/developer/msbuild/2003">
  <ItemGroup>
    <Filter Include="Source Files">
      <UniqueIdentifier>{4FC737F1-C7A5-4376-A066-2A32D752A2FF}</UniqueIdentifier>
      <Extensions>cpp;c;cc;cxx;c++;cppm;ixx;def;odl;idl;hpj;bat;asm;asmx</Extensions>
    </Filter>
    <Filter Include="Header Files">
      <UniqueIdentifier>{93995380-89BD-4b04-88EB-625FBE52EBFB}</UniqueIdentifier>
      <Extensions>h;hh;hpp;hxx;h++;hm;inl;inc;ipp;xsd</Extensions>
    </Filter>
    <Filter Include="Resource Files">
      <UniqueIdentifier>{67DA6AB6-F800-4c08-8B7A-83BB121AAD01}</UniqueIdentifier>
      <Extensions>rc;ico;cur;bmp;dlg;rc2;rct;bin;rgs;gif;jpg;jpeg;jpe;resx;tiff;tif;png;wav;mfcribbon-ms</Extensions>
    </Filter>
    <Filter Include="Kernels">
      <UniqueIdentifier>{ad3d76ba-6f94-404f-bc5d-04c6fe891d8f}</UniqueIdentifier>
    </Filter>
    <Filter Include="Source Files\Objects">
      <UniqueIdentifier>{ead60fb0-b85b-4979-a0a9-ef637c5cf283}</UniqueIdentifier>
    </Filter>
    <Filter Include="Header Files\Objects">
      <UniqueIdentifier>{0187af86-67e0-4ada-9316-2c50a6d1db91}</UniqueIdentifier>
    </Filter>
    <Filter Include="Source Files\Generators">
      <UniqueIdentifier>{70c9ae99-7764-4421-ad94-5ac76b6b096b}</UniqueIdentifier>
    </Filter>
    <Filter Include="Source Files\Streamers">
      <UniqueIdentifier>{a5c559dd-9d80-4aef-a16b-8988be73efcd}</UniqueIdentifier>
    </Filter>
    <Filter Include="Header Files\Streamers">
      <UniqueIdentifier>{729ee2fd-1b8b-46ac-87ea-9dccda36f30d}</UniqueIdentifier>
    </Filter>
  </ItemGroup>
  <ItemGroup>
    <ClInclude Include="simulation.h">
      <Filter>Header Files</Filter>
    </ClInclude>
    <ClInclude Include="source.h">
      <Filter>Header Files</Filter>
    </ClInclude>
    <ClInclude Include="base.h">
      <Filter>Header Files</Filter>
    </ClInclude>
    <ClInclude Include="opencl_kernels.h">
      <Filter>Header Files</Filter>
    </ClInclude>
    <ClInclude Include="bubble.h">
      <Filter>Header Files\Objects</Filter>
    </ClInclude>
    <ClInclude Include="particle.h">
      <Filter>Header Files\Objects</Filter>
    </ClInclude>
    <ClInclude Include="objects.h">
      <Filter>Header Files\Objects</Filter>
    </ClInclude>
    <ClInclude Include="random_number.hpp">
      <Filter>Source Files\Generators</Filter>
    </ClInclude>
    <ClInclude Include="config_reader.hpp">
      <Filter>Header Files</Filter>
    </ClInclude>
    <ClInclude Include="collision.h">
      <Filter>Header Files</Filter>
    </ClInclude>
    <ClInclude Include="datastreamer.h">
      <Filter>Header Files\Streamers</Filter>
    </ClInclude>
    <ClInclude Include="timestep.h">
      <Filter>Header Files</Filter>
    </ClInclude>
  </ItemGroup>
  <ItemGroup>
    <ClCompile Include="simulation.cpp">
      <Filter>Source Files</Filter>
    </ClCompile>
    <ClCompile Include="source.cpp">
      <Filter>Source Files</Filter>
    </ClCompile>
    <ClCompile Include="opencl_kernels.cpp">
      <Filter>Source Files</Filter>
    </ClCompile>
    <ClCompile Include="bubble.cpp">
      <Filter>Source Files\Objects</Filter>
    </ClCompile>
    <ClCompile Include="particle.cpp">
      <Filter>Source Files\Objects</Filter>
    </ClCompile>
    <ClCompile Include="collision.cpp">
      <Filter>Source Files</Filter>
    </ClCompile>
    <ClCompile Include="datastreamer.cpp">
      <Filter>Source Files\Streamers</Filter>
    </ClCompile>
  </ItemGroup>
  <ItemGroup>
    <None Include="..\kernels\collision.cl">
      <Filter>Kernels</Filter>
    </None>
    <None Include="..\kernels\find_comf.cl">
      <Filter>Kernels</Filter>
    </None>
    <None Include="..\kernels\generate_rotation.cl">
      <Filter>Kernels</Filter>
    </None>
    <None Include="..\kernels\kernel.cl">
      <Filter>Kernels</Filter>
    </None>
    <None Include="..\kernels\label_collision.cl">
      <Filter>Kernels</Filter>
    </None>
    <None Include="..\kernels\label_position.cl">
      <Filter>Kernels</Filter>
    </None>
    <None Include="..\kernels\assign_cell.cl">
      <Filter>Kernels</Filter>
    </None>
    <None Include="..\kernels\boundary_bounce.cl">
      <Filter>Kernels</Filter>
    </None>
  </ItemGroup>
</Project>