<?xml version="1.0" encoding="utf-8"?>
<Project ToolsVersion="4.0" xmlns="http://schemas.microsoft.com/developer/msbuild/2003">
  <ItemGroup>
    <Filter Include="Source Files">
      <UniqueIdentifier>{4FC737F1-C7A5-4376-A066-2A32D752A2FF}</UniqueIdentifier>
      <Extensions>cpp;c;cc;cxx;c++;cppm;ixx;def;odl;idl;hpj;bat;asm;asmx</Extensions>
    </Filter>
    <Filter Include="Header Files">
      <UniqueIdentifier>{93995380-89BD-4b04-88EB-625FBE52EBFB}</UniqueIdentifier>
      <Extensions>h;hh;hpp;hxx;h++;hm;inl;inc;ipp;xsd</Extensions>
    </Filter>
    <Filter Include="Resource Files">
      <UniqueIdentifier>{67DA6AB6-F800-4c08-8B7A-83BB121AAD01}</UniqueIdentifier>
      <Extensions>rc;ico;cur;bmp;dlg;rc2;rct;bin;rgs;gif;jpg;jpeg;jpe;resx;tiff;tif;png;wav;mfcribbon-ms</Extensions>
    </Filter>
    <Filter Include="Kernels">
      <UniqueIdentifier>{ad3d76ba-6f94-404f-bc5d-04c6fe891d8f}</UniqueIdentifier>
    </Filter>
    <Filter Include="Physics">
      <UniqueIdentifier>{065cebb1-beb8-4e96-9821-6f828b7743fa}</UniqueIdentifier>
    </Filter>
    <Filter Include="Physics\Bubble">
      <UniqueIdentifier>{8271bb38-eced-4c45-837f-66505dc396ac}</UniqueIdentifier>
    </Filter>
    <Filter Include="Physics\Dynamics">
      <UniqueIdentifier>{25677fb9-0349-4027-b7fb-4c5eac0b861c}</UniqueIdentifier>
    </Filter>
    <Filter Include="Physics\Particles">
      <UniqueIdentifier>{6c4c2689-9937-4d27-8cef-7ffb46d3e1fa}</UniqueIdentifier>
    </Filter>
    <Filter Include="Stream">
      <UniqueIdentifier>{fc07c3d0-554a-4313-8c45-36b30388084b}</UniqueIdentifier>
    </Filter>
    <Filter Include="Config">
      <UniqueIdentifier>{e2bc3991-b791-4914-8ca2-bb079843d4d7}</UniqueIdentifier>
    </Filter>
    <Filter Include="OpenCL">
      <UniqueIdentifier>{d00f1d28-f39c-485c-bc09-b2ad361e7fee}</UniqueIdentifier>
    </Filter>
    <Filter Include="OpenCL\Kernels">
      <UniqueIdentifier>{0a5868e7-135c-495a-8485-027b6b02f6a0}</UniqueIdentifier>
    </Filter>
  </ItemGroup>
  <ItemGroup>
    <ClInclude Include="timestep.h">
      <Filter>Header Files</Filter>
    </ClInclude>
    <ClInclude Include="objects.h">
      <Filter>Physics</Filter>
    </ClInclude>
    <ClInclude Include="bubble.h">
      <Filter>Physics\Bubble</Filter>
    </ClInclude>
    <ClInclude Include="collision.h">
      <Filter>Physics\Dynamics</Filter>
    </ClInclude>
    <ClInclude Include="particle.h">
      <Filter>Physics\Particles</Filter>
    </ClInclude>
    <ClInclude Include="datastreamer.h">
      <Filter>Stream</Filter>
    </ClInclude>
    <ClInclude Include="config_reader.hpp">
      <Filter>Config</Filter>
    </ClInclude>
    <ClInclude Include="opencl_kernels.h">
      <Filter>OpenCL</Filter>
    </ClInclude>
    <ClInclude Include="simulation.h">
      <Filter>Physics\Dynamics</Filter>
    </ClInclude>
    <ClInclude Include="source.h">
      <Filter>Source Files</Filter>
    </ClInclude>
    <ClInclude Include="base.h">
      <Filter>Source Files</Filter>
    </ClInclude>
    <ClInclude Include="random_number.hpp">
      <Filter>Header Files</Filter>
    </ClInclude>
    <ClInclude Include="kernels.h">
      <Filter>OpenCL\Kernels</Filter>
    </ClInclude>
    <ClInclude Include="simulation_parameters.h">
      <Filter>Physics</Filter>
    </ClInclude>
  </ItemGroup>
  <ItemGroup>
    <ClCompile Include="source.cpp">
      <Filter>Source Files</Filter>
    </ClCompile>
    <ClCompile Include="bubble.cpp">
      <Filter>Physics\Bubble</Filter>
    </ClCompile>
    <ClCompile Include="collision.cpp">
      <Filter>Physics\Dynamics</Filter>
    </ClCompile>
    <ClCompile Include="particle.cpp">
      <Filter>Physics\Particles</Filter>
    </ClCompile>
    <ClCompile Include="datastreamer.cpp">
      <Filter>Stream</Filter>
    </ClCompile>
    <ClCompile Include="opencl_kernels.cpp">
      <Filter>OpenCL</Filter>
    </ClCompile>
    <ClCompile Include="simulation.cpp">
      <Filter>Physics\Dynamics</Filter>
    </ClCompile>
    <ClCompile Include="kernels.cpp">
      <Filter>OpenCL\Kernels</Filter>
    </ClCompile>
    <ClCompile Include="simulation_parameters.cpp">
      <Filter>Physics</Filter>
    </ClCompile>
  </ItemGroup>
  <ItemGroup>
    <None Include="..\kernels\kernel.cl">
      <Filter>Kernels</Filter>
    </None>
    <None Include="..\configs\config.json">
      <Filter>Config</Filter>
    </None>
  </ItemGroup>
</Project>